
Microsoft Visual Studio Solution File, Format Version 12.00
# Visual Studio Version 16
VisualStudioVersion = 16.0.30611.23
MinimumVisualStudioVersion = 10.0.40219.1
Project("{FAE04EC0-301F-11D3-BF4B-00C04F79EFBC}") = "EntityFramework.CodeFirst.Advanced", "EntityFramework.CodeFirst.Advanced.csproj", "{AD1C657F-B0F9-4459-8628-1B0C58CD1F4B}"
EndProject
Global
	GlobalSection(SolutionConfigurationPlatforms) = preSolution
		Debug|Any CPU = Debug|Any CPU
		Release|Any CPU = Release|Any CPU
	EndGlobalSection
	GlobalSection(ProjectConfigurationPlatforms) = postSolution
		{AD1C657F-B0F9-4459-8628-1B0C58CD1F4B}.Debug|Any CPU.ActiveCfg = Debug|Any CPU
		{AD1C657F-B0F9-4459-8628-1B0C58CD1F4B}.Debug|Any CPU.Build.0 = Debug|Any CPU
		{AD1C657F-B0F9-4459-8628-1B0C58CD1F4B}.Release|Any CPU.ActiveCfg = Release|Any CPU
		{AD1C657F-B0F9-4459-8628-1B0C58CD1F4B}.Release|Any CPU.Build.0 = Release|Any CPU
	EndGlobalSection
	GlobalSection(SolutionProperties) = preSolution
		HideSolutionNode = FALSE
	EndGlobalSection
	GlobalSection(ExtensibilityGlobals) = postSolution
		SolutionGuid = {D8332665-2DD0-4D8F-80D6-B16C1FBB112D}
	EndGlobalSection
EndGlobal
